
Microsoft Visual Studio Solution File, Format Version 12.00
# Visual Studio Version 17
VisualStudioVersion = 17.10.35027.167
MinimumVisualStudioVersion = 10.0.40219.1
Project("{FAE04EC0-301F-11D3-BF4B-00C04F79EFBC}") = "Design-Pattern", "Design-Pattern\Design-Pattern.csproj", "{C3740216-5491-4141-A7C4-242B87BAC23D}"
EndProject
Project("{FAE04EC0-301F-11D3-BF4B-00C04F79EFBC}") = "DesginService", "DesginService\DesginService.csproj", "{459D10C3-9193-4D8A-AC7A-FBDE31FBE2BF}"
EndProject
Global
	GlobalSection(SolutionConfigurationPlatforms) = preSolution
		Debug|Any CPU = Debug|Any CPU
		Release|Any CPU = Release|Any CPU
	EndGlobalSection
	GlobalSection(ProjectConfigurationPlatforms) = postSolution
		{C3740216-5491-4141-A7C4-242B87BAC23D}.Debug|Any CPU.ActiveCfg = Debug|Any CPU
		{C3740216-5491-4141-A7C4-242B87BAC23D}.Debug|Any CPU.Build.0 = Debug|Any CPU
		{C3740216-5491-4141-A7C4-242B87BAC23D}.Release|Any CPU.ActiveCfg = Release|Any CPU
		{C3740216-5491-4141-A7C4-242B87BAC23D}.Release|Any CPU.Build.0 = Release|Any CPU
		{459D10C3-9193-4D8A-AC7A-FBDE31FBE2BF}.Debug|Any CPU.ActiveCfg = Debug|Any CPU
		{459D10C3-9193-4D8A-AC7A-FBDE31FBE2BF}.Debug|Any CPU.Build.0 = Debug|Any CPU
		{459D10C3-9193-4D8A-AC7A-FBDE31FBE2BF}.Release|Any CPU.ActiveCfg = Release|Any CPU
		{459D10C3-9193-4D8A-AC7A-FBDE31FBE2BF}.Release|Any CPU.Build.0 = Release|Any CPU
	EndGlobalSection
	GlobalSection(SolutionProperties) = preSolution
		HideSolutionNode = FALSE
	EndGlobalSection
	GlobalSection(ExtensibilityGlobals) = postSolution
		SolutionGuid = {A47668DF-79CD-43B3-B9FC-AD47A8EDA6CF}
	EndGlobalSection
EndGlobal
